{
  "version": 1,
  "dependencies": {
    "net10.0": {
      "Discord.Net": {
        "type": "Direct",
        "requested": "[3.20.1, )",
        "resolved": "3.20.1",
        "contentHash": "w2FlsFEWtjXURyDsTvxpYhnkCxF4M04o4m5qc672bOcKvQQB+DE+HnpumaHPVzIbWAhxfT20tpHTpeR/Od41hg==",
        "dependencies": {
          "Discord.Net.Commands": "3.20.1",
          "Discord.Net.Core": "3.20.1",
          "Discord.Net.Interactions": "3.20.1",
          "Discord.Net.Rest": "3.20.1",
          "Discord.Net.WebSocket": "3.20.1",
          "Discord.Net.Webhook": "3.20.1"
        }
      },
      "Microsoft.CodeAnalysis.NetAnalyzers": {
        "type": "Direct",
        "requested": "[10.0.104, )",
        "resolved": "10.0.104",
        "contentHash": "MqbeyU2xre/tY4tpyw5cWQcB0ITCxiLk+Y+Z9ivfF3K82+QyJ0LLnzwV9yIcSFZn0EFwxvtnfEt01yF2YNyJdg=="
      },
      "Microsoft.Data.Sqlite": {
        "type": "Direct",
        "requested": "[10.0.9, )",
        "resolved": "10.0.9",
        "contentHash": "/eBwiZPcNisn0qZX+Zk4YCftlK/vnoWqv7hHnmSk8MjPxFdYYkmPObpogT0MfCCWN6oAIZnMCo0SoOtZlbbmgQ==",
        "dependencies": {
          "Microsoft.Data.Sqlite.Core": "10.0.9",
          "SQLitePCLRaw.bundle_e_sqlite3": "2.1.11",
          "SQLitePCLRaw.core": "2.1.11"
        }
      },
      "Microsoft.Extensions.Configuration": {
        "type": "Direct",
        "requested": "[10.0.9, )",
        "resolved": "10.0.9",
        "contentHash": "woZsWLhOQsASuxbmgiZJqiGUBNo3IjRdXC92xt8rRokza+P6/nIsnzq7sm9Or6ZYcRl2kL1ufj8HVzp1QlPTXw==",
        "dependencies": {
          "Microsoft.Extensions.Configuration.Abstractions": "10.0.9",
          "Microsoft.Extensions.Primitives": "10.0.9"
        }
      },
      "Microsoft.Extensions.Configuration.EnvironmentVariables": {
        "type": "Direct",
        "requested": "[10.0.9, )",
        "resolved": "10.0.9",
        "contentHash": "JhKySWIL8+N4yFt4HPm1rGKCHooze+MBdTdpXc0bd/PGm31TrSUi2m0Nek1y441Wlv/RE6VH0W/DCv2xnmy8FA==",
        "dependencies": {
          "Microsoft.Extensions.Configuration": "10.0.9",
          "Microsoft.Extensions.Configuration.Abstractions": "10.0.9"
        }
      },
      "Microsoft.Extensions.Configuration.Json": {
        "type": "Direct",
        "requested": "[10.0.9, )",
        "resolved": "10.0.9",
        "contentHash": "LiFKJgc9jZEW+7RhcSfsvCwoikt1lDdOqOn+whZC5zVHyg/gExftHl2QPtmfiHsEdDNg+Y+BDr6835tOfj8Y7A==",
        "dependencies": {
          "Microsoft.Extensions.Configuration": "10.0.9",
          "Microsoft.Extensions.Configuration.Abstractions": "10.0.9",
          "Microsoft.Extensions.Configuration.FileExtensions": "10.0.9",
          "Microsoft.Extensions.FileProviders.Abstractions": "10.0.9"
        }
      },
      "SixLabors.ImageSharp": {
        "type": "Direct",
        "requested": "[3.1.11, )",
        "resolved": "3.1.11",
        "contentHash": "JfPLyigLthuE50yi6tMt7Amrenr/fA31t2CvJyhy/kQmfulIBAqo5T/YFUSRHtuYPXRSaUHygFeh6Qd933EoSw=="
      },
      "SixLabors.ImageSharp.Drawing": {
        "type": "Direct",
        "requested": "[2.1.5, )",
        "resolved": "2.1.5",
        "contentHash": "cER1JfvshYDmTxw+gUy/x5e1xoNWhrD6s3AFf8rRUx9hWSXYdOFreQfUrM/QooMj0rF7+hkVtvGnV3EdMx4dxA==",
        "dependencies": {
          "SixLabors.Fonts": "2.0.8",
          "SixLabors.ImageSharp": "3.1.6"
        }
      },
      "SQLitePCLRaw.lib.e_sqlite3": {
        "type": "Direct",
        "requested": "[3.50.3, )",
        "resolved": "3.50.3",
        "contentHash": "tVyhqQ8wxgedWiiPFChyZhE8I3PkOM/AE1azsj1qsdYUws13ONBFyi3aDxju4tD2kzedB2q5+50WrTyY0h2gMQ=="
      },
      "Discord.Net.Commands": {
        "type": "Transitive",
        "resolved": "3.20.1",
        "contentHash": "aHBGl0DXdGr25JXnLs95J1w+d2AKV5jDSssaa7fbnqkqx4ysGropaRl2h7zmwMMf+osfGh39jzM96fSHqXKzIQ==",
        "dependencies": {
          "Discord.Net.Core": "3.20.1",
          "Microsoft.Extensions.DependencyInjection.Abstractions": "10.0.0"
        }
      },
      "Discord.Net.Core": {
        "type": "Transitive",
        "resolved": "3.20.1",
        "contentHash": "fgWdbTlcd2ck05OoS03UBd/7kyrgHWATV9o2mvTwReqIB2CCcVPf5Qu8BpUpr3IgGYNHeVg+9J4KnK9DznYT4Q==",
        "dependencies": {
          "Newtonsoft.Json": "13.0.4"
        }
      },
      "Discord.Net.Dave": {
        "type": "Transitive",
        "resolved": "3.20.1",
        "contentHash": "fsHIhE5dRHlihOsqwe3WNjgHiS9Xgh8XJWjsuJ/R1nfiSuGFYrEopF7EFMOpIs9z2aHaGKl8GurA8HP6RHoLWg=="
      },
      "Discord.Net.Interactions": {
        "type": "Transitive",
        "resolved": "3.20.1",
        "contentHash": "beNXMFsKwIW2OlCniG+QRAWvuC1bSypSktvMrhihIug02FgAlZKqcjt/EUHfOnMouOdtUXX0tY7NRKreEFIgEQ==",
        "dependencies": {
          "Discord.Net.Core": "3.20.1",
          "Discord.Net.Rest": "3.20.1",
          "Microsoft.Extensions.DependencyInjection.Abstractions": "10.0.0"
        }
      },
      "Discord.Net.Rest": {
        "type": "Transitive",
        "resolved": "3.20.1",
        "contentHash": "vAmHwdpotchmz/rPicB2BrYoU2yWmMuFJhqDv/Ywi4nelIo/O7VYzzHD82iNGm3fYnD+2m+dCcZZGGgga3A7wQ==",
        "dependencies": {
          "Discord.Net.Core": "3.20.1"
        }
      },
      "Discord.Net.Webhook": {
        "type": "Transitive",
        "resolved": "3.20.1",
        "contentHash": "HZ37Guk1FMYUmur+G8K3tUQwIst7HJyTziCA7F4F9LsOvluD60YEnz53XqJH+anyFf42t0tQeJFMbaCOy3jIiQ==",
        "dependencies": {
          "Discord.Net.Core": "3.20.1",
          "Discord.Net.Rest": "3.20.1"
        }
      },
      "Discord.Net.WebSocket": {
        "type": "Transitive",
        "resolved": "3.20.1",
        "contentHash": "/JwHnqfAFkEfZ8nO3dKpImGEFG+pYG9KzcGvNYuHYztMsA2r9+bdk0Y1OxncL53zaE3053wq0AtwlXe8+CDfgQ==",
        "dependencies": {
          "Discord.Net.Core": "3.20.1",
          "Discord.Net.Dave": "3.20.1",
          "Discord.Net.Rest": "3.20.1"
        }
      },
      "Microsoft.Data.Sqlite.Core": {
        "type": "Transitive",
        "resolved": "10.0.9",
        "contentHash": "iZrONyMKPjxfVZnUktqO30QjzNwAGH+AxM61s8lKQnVhgbQ3bn0hiXI129ZmVicEbIcwljyy2OVsIYUR51ZHKQ==",
        "dependencies": {
          "SQLitePCLRaw.core": "2.1.11"
        }
      },
      "Microsoft.Extensions.Configuration.Abstractions": {
        "type": "Transitive",
        "resolved": "10.0.9",
        "contentHash": "qGhRPd3VxfLV9UqatVOiD9mAeUbj2KiMwGFYC5uXlzExiZQoe4X/hdmzGIU7BQjNLTqCnnbTHVyBglG3668/HA==",
        "dependencies": {
          "Microsoft.Extensions.Primitives": "10.0.9"
        }
      },
      "Microsoft.Extensions.Configuration.FileExtensions": {
        "type": "Transitive",
        "resolved": "10.0.9",
        "contentHash": "NgLB9cYnIb0/djSDcnqo4GIGGWooxGmr/gCUe3/CRXcKqLizOFui8MyW4EVkTB/KNJL+oXdMXnD6ZRm3Y+qkrQ==",
        "dependencies": {
          "Microsoft.Extensions.Configuration": "10.0.9",
          "Microsoft.Extensions.Configuration.Abstractions": "10.0.9",
          "Microsoft.Extensions.FileProviders.Abstractions": "10.0.9",
          "Microsoft.Extensions.FileProviders.Physical": "10.0.9",
          "Microsoft.Extensions.Primitives": "10.0.9"
        }
      },
      "Microsoft.Extensions.DependencyInjection.Abstractions": {
        "type": "Transitive",
        "resolved": "10.0.0",
        "contentHash": "L3AdmZ1WOK4XXT5YFPEwyt0ep6l8lGIPs7F5OOBZc77Zqeo01Of7XXICy47628sdVl0v/owxYJTe86DTgFwKCA=="
      },
      "Microsoft.Extensions.FileProviders.Abstractions": {
        "type": "Transitive",
        "resolved": "10.0.9",
        "contentHash": "Oxn4vqDk+EwceTMpZxVm7L/UZEAM1qIQlNP1+7tBZckD+P4SKrm/5X4gMTPCTdpnau/xY8Sb4/0d6onomSg4ZA==",
        "dependencies": {
          "Microsoft.Extensions.Primitives": "10.0.9"
        }
      },
      "Microsoft.Extensions.FileProviders.Physical": {
        "type": "Transitive",
        "resolved": "10.0.9",
        "contentHash": "zm8WVod4swgprGrkxkuSILlbXqdDRqF+3y6U0I7jlmj4PMyKN6d8pzXZHUn5lr/gZVULzk/+FeTYlTupt6akpg==",
        "dependencies": {
          "Microsoft.Extensions.FileProviders.Abstractions": "10.0.9",
          "Microsoft.Extensions.FileSystemGlobbing": "10.0.9",
          "Microsoft.Extensions.Primitives": "10.0.9"
        }
      },
      "Microsoft.Extensions.FileSystemGlobbing": {
        "type": "Transitive",
        "resolved": "10.0.9",
        "contentHash": "mvRf9qOH/LslWIee/h+lsElnoUyKotEwoPL31soqScmO/eoxObaTCLCdx2DdqPdRi9LnB+7qKZ49jfyrLZuc+w=="
      },
      "Microsoft.Extensions.Primitives": {
        "type": "Transitive",
        "resolved": "10.0.9",
        "contentHash": "fmEbAUFsaIKirgLt/lYhuFRBwhcSJN31jjHgCdbQxJiWOum6EdLjkbgGuukSP9z/a+9LibaxII/kF+GwOXgC4g=="
      },
      "Newtonsoft.Json": {
        "type": "Transitive",
        "resolved": "13.0.4",
        "contentHash": "pdgNNMai3zv51W5aq268sujXUyx7SNdE2bj1wZcWjAQrKMFZV260lbqYop1d2GM67JI1huLRwxo9ZqnfF/lC6A=="
      },
      "SixLabors.Fonts": {
        "type": "Transitive",
        "resolved": "2.0.8",
        "contentHash": "psTLKJVKaD8PKm+Bz/mSSNo4m0VCTYoJ97TF/ynxEWkn4sFUipI0rzE2V/KBtfU0TOn/gF/+1XBOEvusGZZMhA=="
      },
      "SQLitePCLRaw.bundle_e_sqlite3": {
        "type": "Transitive",
        "resolved": "2.1.11",
        "contentHash": "DC4nA7yWnf4UZdgJDF+9Mus4/cb0Y3Sfgi3gDnAoKNAIBwzkskNAbNbyu+u4atT0ruVlZNJfwZmwiEwE5oz9LQ==",
        "dependencies": {
          "SQLitePCLRaw.lib.e_sqlite3": "2.1.11",
          "SQLitePCLRaw.provider.e_sqlite3": "2.1.11"
        }
      },
      "SQLitePCLRaw.core": {
        "type": "Transitive",
        "resolved": "2.1.11",
        "contentHash": "PK0GLFkfhZzLQeR3PJf71FmhtHox+U3vcY6ZtswoMjrefkB9k6ErNJEnwXqc5KgXDSjige2XXrezqS39gkpQKA=="
      },
      "SQLitePCLRaw.provider.e_sqlite3": {
        "type": "Transitive",
        "resolved": "2.1.11",
        "contentHash": "Y/0ZkR+r0Cg3DQFuCl1RBnv/tmxpIZRU3HUvelPw6MVaKHwYYR8YNvgs0vuNuXCMvlyJ+Fh88U1D4tah1tt6qw==",
        "dependencies": {
          "SQLitePCLRaw.core": "2.1.11"
        }
      }
    },
    "net10.0/linux-x64": {
      "SQLitePCLRaw.lib.e_sqlite3": {
        "type": "Direct",
        "requested": "[3.50.3, )",
        "resolved": "3.50.3",
        "contentHash": "tVyhqQ8wxgedWiiPFChyZhE8I3PkOM/AE1azsj1qsdYUws13ONBFyi3aDxju4tD2kzedB2q5+50WrTyY0h2gMQ=="
      }
    }
  }
}